
Microsoft Visual Studio Solution File, Format Version 12.00
Project("{FAE04EC0-301F-11D3-BF4B-00C04F79EFBC}") = "Task1", "Task1\Task1.csproj", "{B6C00408-7177-4D4C-870A-A6B20FF94C71}"
EndProject
Project("{FAE04EC0-301F-11D3-BF4B-00C04F79EFBC}") = "Task2", "Task2\Task2.csproj", "{2C844E61-A450-4BD8-A391-D8F330848CDC}"
EndProject
Global
	GlobalSection(SolutionConfigurationPlatforms) = preSolution
		Debug|Any CPU = Debug|Any CPU
		Release|Any CPU = Release|Any CPU
	EndGlobalSection
	GlobalSection(ProjectConfigurationPlatforms) = postSolution
		{B6C00408-7177-4D4C-870A-A6B20FF94C71}.Debug|Any CPU.ActiveCfg = Debug|Any CPU
		{B6C00408-7177-4D4C-870A-A6B20FF94C71}.Debug|Any CPU.Build.0 = Debug|Any CPU
		{B6C00408-7177-4D4C-870A-A6B20FF94C71}.Release|Any CPU.ActiveCfg = Release|Any CPU
		{B6C00408-7177-4D4C-870A-A6B20FF94C71}.Release|Any CPU.Build.0 = Release|Any CPU
		{2C844E61-A450-4BD8-A391-D8F330848CDC}.Debug|Any CPU.ActiveCfg = Debug|Any CPU
		{2C844E61-A450-4BD8-A391-D8F330848CDC}.Debug|Any CPU.Build.0 = Debug|Any CPU
		{2C844E61-A450-4BD8-A391-D8F330848CDC}.Release|Any CPU.ActiveCfg = Release|Any CPU
		{2C844E61-A450-4BD8-A391-D8F330848CDC}.Release|Any CPU.Build.0 = Release|Any CPU
	EndGlobalSection
EndGlobal
